{
    "_readme": [
        "This file locks the dependencies of your project to a known state",
        "Read more about it at https://getcomposer.org/doc/01-basic-usage.md#installing-dependencies",
        "This file is @generated automatically"
    ],
    "content-hash": "1a623f8c5e9997289312226cbe98e8b7",
    "packages": [
        {
            "name": "byjg/pgbrowser",
            "version": "1.0.0",
            "source": {
                "type": "git",
                "url": "https://github.com/byjg/pgbrowser.git",
                "reference": "717a35704437a638a9939da3c146733892459067"
            },
            "dist": {
                "type": "zip",
                "url": "https://api.github.com/repos/byjg/pgbrowser/zipball/717a35704437a638a9939da3c146733892459067",
                "reference": "717a35704437a638a9939da3c146733892459067",
                "shasum": ""
            },
            "require": {
                "electrolinux/phpquery": "0.9.*",
                "pguardiario/phpuri": "*",
                "php": ">=5.3.0"
            },
            "type": "library",
            "autoload": {
                "psr-0": {
                    "PGuardiario\\": [
                        "src/"
                    ]
                }
            },
            "notification-url": "https://packagist.org/downloads/",
            "description": "A 'pretty good' mechanize-like php library for managing cookies and submitting forms. [Fork: Totally rewrite]",
            "support": {
                "source": "https://github.com/byjg/pgbrowser/tree/master"
            },
            "time": "2016-05-06T20:32:02+00:00"
        },
        {
            "name": "electrolinux/phpquery",
            "version": "0.9.7",
            "source": {
                "type": "git",
                "url": "https://github.com/electrolinux/phpquery.git",
                "reference": "90029e2acffebebdb6e309509c778fe34e8028ba"
            },
            "dist": {
                "type": "zip",
                "url": "https://api.github.com/repos/electrolinux/phpquery/zipball/90029e2acffebebdb6e309509c778fe34e8028ba",
                "reference": "90029e2acffebebdb6e309509c778fe34e8028ba",
                "shasum": ""
            },
            "require": {
                "php": ">=5.3.0"
            },
            "type": "library",
            "autoload": {
                "classmap": [
                    "phpQuery/"
                ]
            },
            "notification-url": "https://packagist.org/downloads/",
            "license": [
                "MIT"
            ],
            "authors": [
                {
                    "name": "didier Belot",
                    "homepage": "https://github.com/electrolinux/phpquery",
                    "role": "Packager, maintainer"
                },
                {
                    "name": "Tobiasz Cudnik",
                    "email": "tobiasz.cudnik@gmail.com",
                    "homepage": "https://github.com/TobiaszCudnik",
                    "role": "Developer"
                }
            ],
            "description": "phpQuery is a server-side, chainable, CSS3 selector driven Document Object Model (DOM) API based on jQuery JavaScript Library",
            "homepage": "http://code.google.com/p/phpquery/",
            "support": {
                "source": "https://github.com/electrolinux/phpquery/tree/0.9.7"
            },
            "time": "2023-05-02T18:27:16+00:00"
        },
        {
            "name": "openaustralia/scraperwiki",
            "version": "dev-morph_defaults",
            "source": {
                "type": "git",
                "url": "https://github.com/openaustralia/scraperwiki-php.git",
                "reference": "e996fe0253bb50330690f5d2bafb66f094dbacb8"
            },
            "require": {
                "ext-pdo_sqlite": "*"
            },
            "type": "library",
            "time": "2014-06-23T01:47:45+00:00"
        },
        {
            "name": "pguardiario/phpuri",
            "version": "1.0",
            "source": {
                "type": "git",
                "url": "https://github.com/monkeysuffrage/phpuri.git",
                "reference": "ad0a5ec033fe616cfef55578b9c7f2458be8fbfc"
            },
            "dist": {
                "type": "zip",
                "url": "https://api.github.com/repos/monkeysuffrage/phpuri/zipball/ad0a5ec033fe616cfef55578b9c7f2458be8fbfc",
                "reference": "ad0a5ec033fe616cfef55578b9c7f2458be8fbfc",
                "shasum": ""
            },
            "type": "project",
            "autoload": {
                "files": [
                    "phpuri.php"
                ]
            },
            "notification-url": "https://packagist.org/downloads/",
            "description": "A php library for converting relative urls to absolute.",
            "support": {
                "issues": "https://github.com/monkeysuffrage/phpuri/issues",
                "source": "https://github.com/monkeysuffrage/phpuri/tree/1.0.0"
            },
            "time": "2015-05-24T09:13:17+00:00"
        },
        {
            "name": "torann/dom-parser",
            "version": "2.0.2",
            "source": {
                "type": "git",
                "url": "https://github.com/Torann/dom-parser.git",
                "reference": "07c0740a07fedd63da533d0256bfadfb835813d4"
            },
            "dist": {
                "type": "zip",
                "url": "https://api.github.com/repos/Torann/dom-parser/zipball/07c0740a07fedd63da533d0256bfadfb835813d4",
                "reference": "07c0740a07fedd63da533d0256bfadfb835813d4",
                "shasum": ""
            },
            "require": {
                "php": "^7.1|^8.0"
            },
            "type": "library",
            "autoload": {
                "psr-4": {
                    "Torann\\DomParser\\": "src/"
                }
            },
            "notification-url": "https://packagist.org/downloads/",
            "license": [
                "MIT"
            ],
            "authors": [
                {
                    "name": "S.C. Chen",
                    "homepage": "http://sourceforge.net/projects/simplehtmldom/"
                },
                {
                    "name": "Sunra",
                    "email": "sunra@yandex.ru",
                    "homepage": "https://github.com/sunra/php-simple-html-dom-parser"
                },
                {
                    "name": "Daniel Stainback",
                    "email": "daniel@lyften.com",
                    "homepage": "http://lyften.com"
                }
            ],
            "description": "A HTML DOM parser written in PHP7 let you manipulate HTML in a very easy way! Supports invalid HTML. Find tags on an HTML page with selectors just like jQuery. Extract contents from HTML in a single line.",
            "homepage": "https://github.com/Torann/dom-parser",
            "keywords": [
                "dom",
                "html",
                "parser"
            ],
            "support": {
                "source": "https://github.com/Torann/dom-parser/tree/2.0.2"
            },
            "time": "2021-05-17T18:37:28+00:00"
        }
    ],
    "packages-dev": [],
    "aliases": [],
    "minimum-stability": "stable",
    "stability-flags": {
        "openaustralia/scraperwiki": 20
    },
    "prefer-stable": false,
    "prefer-lowest": false,
    "platform": {
        "php": "^8.2",
        "ext-sqlite3": "*",
        "ext-pdo_sqlite": "*",
        "ext-gd": "*",
        "ext-mbstring": "*"
    },
    "platform-dev": {},
    "plugin-api-version": "2.9.0"
}
